
Microsoft Visual Studio Solution File, Format Version 12.00
# Visual Studio 15
VisualStudioVersion = 15.0.28307.168
MinimumVisualStudioVersion = 10.0.40219.1
Project("{FAE04EC0-301F-11D3-BF4B-00C04F79EFBC}") = "CharacterSheetGenerator", "CharacterSheetGenerator\CharacterSheetGenerator.csproj", "{AFE65684-EEDB-4A87-8056-4C29DC99CC69}"
EndProject
Global
	GlobalSection(SolutionConfigurationPlatforms) = preSolution
		Debug|Any CPU = Debug|Any CPU
		Release|Any CPU = Release|Any CPU
	EndGlobalSection
	GlobalSection(ProjectConfigurationPlatforms) = postSolution
		{AFE65684-EEDB-4A87-8056-4C29DC99CC69}.Debug|Any CPU.ActiveCfg = Debug|Any CPU
		{AFE65684-EEDB-4A87-8056-4C29DC99CC69}.Debug|Any CPU.Build.0 = Debug|Any CPU
		{AFE65684-EEDB-4A87-8056-4C29DC99CC69}.Release|Any CPU.ActiveCfg = Release|Any CPU
		{AFE65684-EEDB-4A87-8056-4C29DC99CC69}.Release|Any CPU.Build.0 = Release|Any CPU
	EndGlobalSection
	GlobalSection(SolutionProperties) = preSolution
		HideSolutionNode = FALSE
	EndGlobalSection
	GlobalSection(ExtensibilityGlobals) = postSolution
		SolutionGuid = {A2F509D6-03CF-4368-A958-FBADE7A8A1B7}
	EndGlobalSection
EndGlobal
